
Microsoft Visual Studio Solution File, Format Version 11.00
# Visual Studio 2010
Project("{FAE04EC0-301F-11D3-BF4B-00C04F79EFBC}") = "OpenSandbox", "OpenSandbox\OpenSandbox.csproj", "{64A83DDB-3B66-46C5-8CCF-7A00173F8D3F}"
EndProject
Project("{FAE04EC0-301F-11D3-BF4B-00C04F79EFBC}") = "NETSandboxingHost", "NetSandboxingHost\NETSandboxingHost.csproj", "{09557CE2-817C-4596-9B21-A8D27B798D12}"
EndProject
Project("{FAE04EC0-301F-11D3-BF4B-00C04F79EFBC}") = "DemoApp", "DemoApp\DemoApp.csproj", "{6A1C2E7E-90BF-4C8F-8CBA-1497321C796C}"
EndProject
Global
	GlobalSection(SolutionConfigurationPlatforms) = preSolution
		Debug|Any CPU = Debug|Any CPU
		Debug|x86 = Debug|x86
		Release|Any CPU = Release|Any CPU
		Release|x86 = Release|x86
	EndGlobalSection
	GlobalSection(ProjectConfigurationPlatforms) = postSolution
		{64A83DDB-3B66-46C5-8CCF-7A00173F8D3F}.Debug|Any CPU.ActiveCfg = Debug|Any CPU
		{64A83DDB-3B66-46C5-8CCF-7A00173F8D3F}.Debug|Any CPU.Build.0 = Debug|Any CPU
		{64A83DDB-3B66-46C5-8CCF-7A00173F8D3F}.Debug|x86.ActiveCfg = Debug|x86
		{64A83DDB-3B66-46C5-8CCF-7A00173F8D3F}.Debug|x86.Build.0 = Debug|x86
		{64A83DDB-3B66-46C5-8CCF-7A00173F8D3F}.Release|Any CPU.ActiveCfg = Release|Any CPU
		{64A83DDB-3B66-46C5-8CCF-7A00173F8D3F}.Release|Any CPU.Build.0 = Release|Any CPU
		{64A83DDB-3B66-46C5-8CCF-7A00173F8D3F}.Release|x86.ActiveCfg = Release|x86
		{64A83DDB-3B66-46C5-8CCF-7A00173F8D3F}.Release|x86.Build.0 = Release|x86
		{09557CE2-817C-4596-9B21-A8D27B798D12}.Debug|Any CPU.ActiveCfg = Debug|x86
		{09557CE2-817C-4596-9B21-A8D27B798D12}.Debug|x86.ActiveCfg = Debug|x86
		{09557CE2-817C-4596-9B21-A8D27B798D12}.Debug|x86.Build.0 = Debug|x86
		{09557CE2-817C-4596-9B21-A8D27B798D12}.Release|Any CPU.ActiveCfg = Release|x86
		{09557CE2-817C-4596-9B21-A8D27B798D12}.Release|x86.ActiveCfg = Release|x86
		{09557CE2-817C-4596-9B21-A8D27B798D12}.Release|x86.Build.0 = Release|x86
		{6A1C2E7E-90BF-4C8F-8CBA-1497321C796C}.Debug|Any CPU.ActiveCfg = Debug|x86
		{6A1C2E7E-90BF-4C8F-8CBA-1497321C796C}.Debug|x86.ActiveCfg = Debug|x86
		{6A1C2E7E-90BF-4C8F-8CBA-1497321C796C}.Debug|x86.Build.0 = Debug|x86
		{6A1C2E7E-90BF-4C8F-8CBA-1497321C796C}.Release|Any CPU.ActiveCfg = Release|x86
		{6A1C2E7E-90BF-4C8F-8CBA-1497321C796C}.Release|x86.ActiveCfg = Release|x86
		{6A1C2E7E-90BF-4C8F-8CBA-1497321C796C}.Release|x86.Build.0 = Release|x86
	EndGlobalSection
	GlobalSection(SolutionProperties) = preSolution
		HideSolutionNode = FALSE
	EndGlobalSection
EndGlobal
